
Microsoft Visual Studio Solution File, Format Version 12.00
# Visual Studio Version 17
VisualStudioVersion = 17.10.35122.118
MinimumVisualStudioVersion = 10.0.40219.1
Project("{FAE04EC0-301F-11D3-BF4B-00C04F79EFBC}") = "Tareas_Gestion", "Tareas_Gestion.csproj", "{14913C83-DB2D-48B7-88AB-129AF4386A0D}"
EndProject
Global
	GlobalSection(SolutionConfigurationPlatforms) = preSolution
		Debug|Any CPU = Debug|Any CPU
		Release|Any CPU = Release|Any CPU
	EndGlobalSection
	GlobalSection(ProjectConfigurationPlatforms) = postSolution
		{14913C83-DB2D-48B7-88AB-129AF4386A0D}.Debug|Any CPU.ActiveCfg = Debug|Any CPU
		{14913C83-DB2D-48B7-88AB-129AF4386A0D}.Debug|Any CPU.Build.0 = Debug|Any CPU
		{14913C83-DB2D-48B7-88AB-129AF4386A0D}.Release|Any CPU.ActiveCfg = Release|Any CPU
		{14913C83-DB2D-48B7-88AB-129AF4386A0D}.Release|Any CPU.Build.0 = Release|Any CPU
	EndGlobalSection
	GlobalSection(SolutionProperties) = preSolution
		HideSolutionNode = FALSE
	EndGlobalSection
	GlobalSection(ExtensibilityGlobals) = postSolution
		SolutionGuid = {1FA0A505-1820-43F8-8C2C-CF07200B8312}
	EndGlobalSection
EndGlobal
